# apk-lock: 1
# architecture: x86_64
# parent: saltydk/alpine-s6overlay:sha-b5833aa681474b603012c55469e71e6dcf3cbbe8@sha256:68a9a5eea67e67a314569b0452590c260c80ddcfa23a4debf984904f1248a480
# requests-sha256: 441b3f3d4d68a277cc15c971403de38bd775bb0a54735db6c2652f9cf483d898
7zip=26.01-r0
acl-libs=2.3.2-r1
alpine-baselayout=3.7.2-r1
alpine-baselayout-data=3.7.2-r1
alpine-keys=2.6-r0
alpine-release=3.24.1-r0
apk-tools=3.0.8-r0
bash=5.3.9-r1
bind-libs=9.20.27-r0
bind-tools=9.20.27-r0
brotli-libs=1.2.0-r1
busybox=1.37.0-r31
busybox-binsh=1.37.0-r31
c-ares=1.34.8-r0
ca-certificates=20260611-r0
ca-certificates-bundle=20260611-r0
coreutils=9.11-r0
coreutils-env=9.11-r0
coreutils-fmt=9.11-r0
coreutils-sha512sum=9.11-r0
curl=8.22.0-r0
findutils=4.10.0-r1
fstrm=0.6.1-r4
gdbm=1.26-r0
grep=3.12-r0
jq=1.8.2-r0
json-c=0.18-r1
keyutils-libs=1.6.3-r4
krb5-conf=1.0-r2
krb5-libs=1.22.2-r1
libapk=3.0.8-r0
libattr=2.5.2-r2
libbsd=0.12.2-r0
libbz2=1.0.8-r6
libcom_err=1.47.4-r0
libcrypto3=3.5.8-r0
libcurl=8.22.0-r0
libexpat=2.8.4-r0
libffi=3.5.2-r1
libgcc=15.2.0-r5
libidn2=2.3.8-r0
libintl=1.0-r0
libmd=1.2.0-r0
libmediainfo=26.01-r0
libncursesw=6.6_p20260516-r0
libpanelw=6.6_p20260516-r0
libproc2=4.0.6-r0
libpsl=0.21.5-r3
libssl3=3.5.8-r0
libstdc++=15.2.0-r5
libunistring=1.4.2-r0
libuv=1.52.1-r0
libverto=0.3.2-r2
libxml2=2.13.9-r2
libzen=0.4.41-r0
linux-pam=1.7.1-r2
mediainfo=26.01-r0
mpdecimal=4.0.1-r0
musl=1.2.6-r2
musl-utils=1.2.6-r2
ncurses-terminfo-base=6.6_p20260516-r0
nghttp2-libs=1.69.0-r0
oniguruma=6.9.10-r0
openssl=3.5.8-r0
pcre2=10.48-r0
procps-ng=4.0.6-r0
protobuf-c=1.5.2-r2
pyc=3.14.7-r1
python3=3.14.7-r1
python3-pyc=3.14.7-r1
python3-pycache-pyc0=3.14.7-r1
readline=8.3.3-r1
scanelf=1.3.9-r1
sed=4.9-r2
shadow=4.18.0-r1
skalibs-libs=2.15.0.0-r0
sqlite-libs=3.53.4-r0
ssl_client=1.37.0-r31
tar=1.35-r5
tinyxml2=11.0.0-r0
tzdata=2026c-r0
unzip=6.0-r16
userspace-rcu=0.15.3-r0
utmps-libs=0.1.3.3-r0
wget=1.25.0-r3
xz=5.8.4-r0
xz-libs=5.8.4-r0
zlib=1.3.2-r0
zstd-libs=1.5.7-r2
